
Microsoft Visual Studio Solution File, Format Version 12.00
# Visual Studio Version 16
VisualStudioVersion = 16.0.30804.86
MinimumVisualStudioVersion = 10.0.40219.1
Project("{8BC9CEB8-8B4A-11D0-8D11-00A0C91BC942}") = "Laba7", "Laba7\Laba7.vcxproj", "{615A71F6-FE6F-484F-9916-F13995208E8F}"
EndProject
Global
	GlobalSection(SolutionConfigurationPlatforms) = preSolution
		Debug|x64 = Debug|x64
		Debug|x86 = Debug|x86
		Release|x64 = Release|x64
		Release|x86 = Release|x86
	EndGlobalSection
	GlobalSection(ProjectConfigurationPlatforms) = postSolution
		{615A71F6-FE6F-484F-9916-F13995208E8F}.Debug|x64.ActiveCfg = Debug|x64
		{615A71F6-FE6F-484F-9916-F13995208E8F}.Debug|x64.Build.0 = Debug|x64
		{615A71F6-FE6F-484F-9916-F13995208E8F}.Debug|x86.ActiveCfg = Debug|Win32
		{615A71F6-FE6F-484F-9916-F13995208E8F}.Debug|x86.Build.0 = Debug|Win32
		{615A71F6-FE6F-484F-9916-F13995208E8F}.Release|x64.ActiveCfg = Release|x64
		{615A71F6-FE6F-484F-9916-F13995208E8F}.Release|x64.Build.0 = Release|x64
		{615A71F6-FE6F-484F-9916-F13995208E8F}.Release|x86.ActiveCfg = Release|Win32
		{615A71F6-FE6F-484F-9916-F13995208E8F}.Release|x86.Build.0 = Release|Win32
	EndGlobalSection
	GlobalSection(SolutionProperties) = preSolution
		HideSolutionNode = FALSE
	EndGlobalSection
	GlobalSection(ExtensibilityGlobals) = postSolution
		SolutionGuid = {1642A4EC-CE0A-44BB-86C6-BFC575B15E8B}
	EndGlobalSection
EndGlobal
